
Microsoft Visual Studio Solution File, Format Version 12.00
# Visual Studio Version 17
VisualStudioVersion = 17.10.34928.147
MinimumVisualStudioVersion = 10.0.40219.1
Project("{FAE04EC0-301F-11D3-BF4B-00C04F79EFBC}") = "EventsApp", "Events\EventsApp.csproj", "{711836FB-313A-4A33-A599-B27B776FB449}"
EndProject
Global
	GlobalSection(SolutionConfigurationPlatforms) = preSolution
		Debug|Any CPU = Debug|Any CPU
		Release|Any CPU = Release|Any CPU
	EndGlobalSection
	GlobalSection(ProjectConfigurationPlatforms) = postSolution
		{711836FB-313A-4A33-A599-B27B776FB449}.Debug|Any CPU.ActiveCfg = Debug|Any CPU
		{711836FB-313A-4A33-A599-B27B776FB449}.Debug|Any CPU.Build.0 = Debug|Any CPU
		{711836FB-313A-4A33-A599-B27B776FB449}.Release|Any CPU.ActiveCfg = Release|Any CPU
		{711836FB-313A-4A33-A599-B27B776FB449}.Release|Any CPU.Build.0 = Release|Any CPU
	EndGlobalSection
	GlobalSection(SolutionProperties) = preSolution
		HideSolutionNode = FALSE
	EndGlobalSection
	GlobalSection(ExtensibilityGlobals) = postSolution
		SolutionGuid = {5AFE5E12-74B8-4D92-ACE7-A83D128FEF63}
	EndGlobalSection
EndGlobal
